{
  "pins" : [
    {
      "identity" : "auth0.swift",
      "kind" : "remoteSourceControl",
      "location" : "https://github.com/auth0/Auth0.swift",
      "state" : {
        "revision" : "9d970f3f5a694a146724e055c7932808a274d96e",
        "version" : "2.5.0"
      }
    },
    {
      "identity" : "capacitor-swift-pm",
      "kind" : "remoteSourceControl",
      "location" : "https://github.com/ionic-team/capacitor-swift-pm",
      "state" : {
        "revision" : "636ac32f180882c0caaab64ccefc2f4d0ebb93d1",
        "version" : "5.1.1"
      }
    },
    {
      "identity" : "feedkit",
      "kind" : "remoteSourceControl",
      "location" : "https://github.com/nmdias/FeedKit.git",
      "state" : {
        "revision" : "68493a33d862c33c9a9f67ec729b3b7df1b20ade",
        "version" : "9.1.2"
      }
    },
    {
      "identity" : "ionic-live-updates-releases",
      "kind" : "remoteSourceControl",
      "location" : "https://github.com/ionic-team/ionic-live-updates-releases",
      "state" : {
        "revision" : "e09f98d8f0452e18454733fc66cb683a5e526474",
        "version" : "0.4.1"
      }
    },
    {
      "identity" : "ionic-portals-ios",
      "kind" : "remoteSourceControl",
      "location" : "https://github.com/ionic-team/ionic-portals-ios",
      "state" : {
        "revision" : "386f6cf2a153d0a8f7d1241663a6d51ca8e0caa9",
        "version" : "0.8.0"
      }
    },
    {
      "identity" : "jwtdecode.swift",
      "kind" : "remoteSourceControl",
      "location" : "https://github.com/auth0/JWTDecode.swift.git",
      "state" : {
        "revision" : "58af7278797871e460d79496621b3e5366b865b2",
        "version" : "3.1.0"
      }
    },
    {
      "identity" : "simplekeychain",
      "kind" : "remoteSourceControl",
      "location" : "https://github.com/auth0/SimpleKeychain.git",
      "state" : {
        "revision" : "f082494aab8056139a4fe234c920a9f92f681aff",
        "version" : "1.1.0"
      }
    }
  ],
  "version" : 2
}
