{
  "name": "data",
  "lockfileVersion": 3,
  "requires": true,
  "packages": {
    "": {
      "dependencies": {
        "@capacitor/core": "^5.2.2",
        "@ionic/portals": "^0.8.1"
      }
    },
    "node_modules/@capacitor/core": {
      "version": "5.4.1",
      "resolved": "https://registry.npmjs.org/@capacitor/core/-/core-5.4.1.tgz",
      "integrity": "sha512-QG9gORuxw2WNcVpLHT1W3LzACOJvFWRuHcz4b9edzxehSELqiSQ4DoGWLp4PuNBBp2oV/fGA4FMNmfZ1jIAAWg==",
      "dependencies": {
        "tslib": "^2.1.0"
      }
    },
    "node_modules/@ionic/portals": {
      "version": "0.8.1",
      "resolved": "https://registry.npmjs.org/@ionic/portals/-/portals-0.8.1.tgz",
      "integrity": "sha512-sNqAty5jHQLqUgyoiofwANkJRg7czDHMp74xyzkq9pHSOuEimzQ3BvCyLZqywf+USFzpUH20v+Tvi9xMPMzprQ==",
      "peerDependencies": {
        "@capacitor/core": "^5.0.0"
      }
    },
    "node_modules/tslib": {
      "version": "2.6.2",
      "resolved": "https://registry.npmjs.org/tslib/-/tslib-2.6.2.tgz",
      "integrity": "sha512-AEYxH93jGFPn/a2iVAwW87VuUIkR1FVUKB77NwMF7nBTDkDrrT/Hpt/IrCJ0QXhW27jTBDcf5ZY7w6RiqTMw2Q=="
    }
  }
}
