// !$*UTF8*$!
{
	archiveVersion = 1;
	classes = {
	};
	objectVersion = 56;
	objects = {

/* Begin PBXBuildFile section */
		431917862A9FA42D009F9215 /* Creds.swift in Sources */ = {isa = PBXBuildFile; fileRef = 431917852A9FA42D009F9215 /* Creds.swift */; };
		4319178B2A9FE9C4009F9215 /* Encodable.swift in Sources */ = {isa = PBXBuildFile; fileRef = 4319178A2A9FE9C4009F9215 /* Encodable.swift */; };
		431BAE392A9E3C7500F4729E /* HubView.swift in Sources */ = {isa = PBXBuildFile; fileRef = 431BAE382A9E3C7500F4729E /* HubView.swift */; };
		43894ADA2A9E44D100DFA6AF /* AppTileView.swift in Sources */ = {isa = PBXBuildFile; fileRef = 43894AD92A9E44D100DFA6AF /* AppTileView.swift */; };
		43936F2D2A97CF760035FD36 /* Auth0 in Frameworks */ = {isa = PBXBuildFile; productRef = 43936F2C2A97CF760035FD36 /* Auth0 */; };
		43936F2F2A97CFF10035FD36 /* Auth0.plist in Resources */ = {isa = PBXBuildFile; fileRef = 43936F2E2A97CFF10035FD36 /* Auth0.plist */; };
		43B35C322ABC9D7300A1FACF /* DummyView.swift in Sources */ = {isa = PBXBuildFile; fileRef = 43B35C312ABC9D7300A1FACF /* DummyView.swift */; };
		43BA0CD42A9913E600296F67 /* AppView.swift in Sources */ = {isa = PBXBuildFile; fileRef = 43BA0CD32A9913E600296F67 /* AppView.swift */; };
		43BA0CDF2A991A1000296F67 /* LoginLogo.swift in Sources */ = {isa = PBXBuildFile; fileRef = 43BA0CDE2A991A1000296F67 /* LoginLogo.swift */; };
		43BA0CE22A991A8300296F67 /* Color+Theme.swift in Sources */ = {isa = PBXBuildFile; fileRef = 43BA0CE12A991A8300296F67 /* Color+Theme.swift */; };
		43BA0CEA2A9CEEBD00296F67 /* AuthViewModel.swift in Sources */ = {isa = PBXBuildFile; fileRef = 43BA0CE92A9CEEBD00296F67 /* AuthViewModel.swift */; };
		43BA0CED2A9D47F200296F67 /* AvatarView.swift in Sources */ = {isa = PBXBuildFile; fileRef = 43BA0CEC2A9D47F200296F67 /* AvatarView.swift */; };
		43CCBABA2AAE202E0070ABCC /* FeedKit in Frameworks */ = {isa = PBXBuildFile; productRef = 43CCBAB92AAE202E0070ABCC /* FeedKit */; };
		43CCBABC2AAF67540070ABCC /* FeedItemView.swift in Sources */ = {isa = PBXBuildFile; fileRef = 43CCBABB2AAF67540070ABCC /* FeedItemView.swift */; };
		43CCBABE2AAF679A0070ABCC /* FeedItem.swift in Sources */ = {isa = PBXBuildFile; fileRef = 43CCBABD2AAF679A0070ABCC /* FeedItem.swift */; };
		43CCBAC02AAF952E0070ABCC /* Date.swift in Sources */ = {isa = PBXBuildFile; fileRef = 43CCBABF2AAF952E0070ABCC /* Date.swift */; };
		43CCBAC22AAFACDA0070ABCC /* SafariView.swift in Sources */ = {isa = PBXBuildFile; fileRef = 43CCBAC12AAFACDA0070ABCC /* SafariView.swift */; };
		43EDEDA12A9D555E00B6F148 /* IonicPortals in Frameworks */ = {isa = PBXBuildFile; productRef = 43EDEDA02A9D555E00B6F148 /* IonicPortals */; };
		43F402C02A9F8FCC00C37AC0 /* MiniApp.swift in Sources */ = {isa = PBXBuildFile; fileRef = 43F402BF2A9F8FCC00C37AC0 /* MiniApp.swift */; };
		43F402C42A9FA26E00C37AC0 /* MiniAppView.swift in Sources */ = {isa = PBXBuildFile; fileRef = 43F402C32A9FA26E00C37AC0 /* MiniAppView.swift */; };
		43F4CB3F2A914FF10064DC06 /* SuperappStarterApp.swift in Sources */ = {isa = PBXBuildFile; fileRef = 43F4CB3E2A914FF10064DC06 /* SuperappStarterApp.swift */; };
		43F4CB412A914FF10064DC06 /* TabsView.swift in Sources */ = {isa = PBXBuildFile; fileRef = 43F4CB402A914FF10064DC06 /* TabsView.swift */; };
		43F4CB432A914FF30064DC06 /* Assets.xcassets in Resources */ = {isa = PBXBuildFile; fileRef = 43F4CB422A914FF30064DC06 /* Assets.xcassets */; };
		43F4CB472A914FF30064DC06 /* Preview Assets.xcassets in Resources */ = {isa = PBXBuildFile; fileRef = 43F4CB462A914FF30064DC06 /* Preview Assets.xcassets */; };
		43F4CB6C2A9152D10064DC06 /* ProfileView.swift in Sources */ = {isa = PBXBuildFile; fileRef = 43F4CB6B2A9152D10064DC06 /* ProfileView.swift */; };
		43F4CB6E2A9152DC0064DC06 /* HomeView.swift in Sources */ = {isa = PBXBuildFile; fileRef = 43F4CB6D2A9152DC0064DC06 /* HomeView.swift */; };
		43F4CB712A97C9070064DC06 /* LoginView.swift in Sources */ = {isa = PBXBuildFile; fileRef = 43F4CB702A97C9070064DC06 /* LoginView.swift */; };
		43F4CB742A97CAD50064DC06 /* Profile.swift in Sources */ = {isa = PBXBuildFile; fileRef = 43F4CB732A97CAD50064DC06 /* Profile.swift */; };
/* End PBXBuildFile section */

/* Begin PBXContainerItemProxy section */
		43F4CB4D2A914FF30064DC06 /* PBXContainerItemProxy */ = {
			isa = PBXContainerItemProxy;
			containerPortal = 43F4CB332A914FF10064DC06 /* Project object */;
			proxyType = 1;
			remoteGlobalIDString = 43F4CB3A2A914FF10064DC06;
			remoteInfo = "iOS Superapp Starter";
		};
		43F4CB572A914FF30064DC06 /* PBXContainerItemProxy */ = {
			isa = PBXContainerItemProxy;
			containerPortal = 43F4CB332A914FF10064DC06 /* Project object */;
			proxyType = 1;
			remoteGlobalIDString = 43F4CB3A2A914FF10064DC06;
			remoteInfo = "iOS Superapp Starter";
		};
/* End PBXContainerItemProxy section */

/* Begin PBXFileReference section */
		431917852A9FA42D009F9215 /* Creds.swift */ = {isa = PBXFileReference; lastKnownFileType = sourcecode.swift; path = Creds.swift; sourceTree = "<group>"; };
		4319178A2A9FE9C4009F9215 /* Encodable.swift */ = {isa = PBXFileReference; lastKnownFileType = sourcecode.swift; path = Encodable.swift; sourceTree = "<group>"; };
		431BAE382A9E3C7500F4729E /* HubView.swift */ = {isa = PBXFileReference; lastKnownFileType = sourcecode.swift; path = HubView.swift; sourceTree = "<group>"; };
		43894AD92A9E44D100DFA6AF /* AppTileView.swift */ = {isa = PBXFileReference; lastKnownFileType = sourcecode.swift; path = AppTileView.swift; sourceTree = "<group>"; };
		43936F2E2A97CFF10035FD36 /* Auth0.plist */ = {isa = PBXFileReference; lastKnownFileType = text.plist.xml; path = Auth0.plist; sourceTree = "<group>"; };
		43B35C312ABC9D7300A1FACF /* DummyView.swift */ = {isa = PBXFileReference; lastKnownFileType = sourcecode.swift; path = DummyView.swift; sourceTree = "<group>"; };
		43BA0CD32A9913E600296F67 /* AppView.swift */ = {isa = PBXFileReference; lastKnownFileType = sourcecode.swift; path = AppView.swift; sourceTree = "<group>"; };
		43BA0CDE2A991A1000296F67 /* LoginLogo.swift */ = {isa = PBXFileReference; lastKnownFileType = sourcecode.swift; path = LoginLogo.swift; sourceTree = "<group>"; };
		43BA0CE12A991A8300296F67 /* Color+Theme.swift */ = {isa = PBXFileReference; lastKnownFileType = sourcecode.swift; path = "Color+Theme.swift"; sourceTree = "<group>"; };
		43BA0CE92A9CEEBD00296F67 /* AuthViewModel.swift */ = {isa = PBXFileReference; lastKnownFileType = sourcecode.swift; path = AuthViewModel.swift; sourceTree = "<group>"; };
		43BA0CEC2A9D47F200296F67 /* AvatarView.swift */ = {isa = PBXFileReference; lastKnownFileType = sourcecode.swift; path = AvatarView.swift; sourceTree = "<group>"; };
		43BF086E2AA0FC140050CD15 /* Superapp-Starter-Info.plist */ = {isa = PBXFileReference; lastKnownFileType = text.plist; path = "Superapp-Starter-Info.plist"; sourceTree = SOURCE_ROOT; };
		43CCBABB2AAF67540070ABCC /* FeedItemView.swift */ = {isa = PBXFileReference; lastKnownFileType = sourcecode.swift; path = FeedItemView.swift; sourceTree = "<group>"; };
		43CCBABD2AAF679A0070ABCC /* FeedItem.swift */ = {isa = PBXFileReference; lastKnownFileType = sourcecode.swift; path = FeedItem.swift; sourceTree = "<group>"; };
		43CCBABF2AAF952E0070ABCC /* Date.swift */ = {isa = PBXFileReference; lastKnownFileType = sourcecode.swift; path = Date.swift; sourceTree = "<group>"; };
		43CCBAC12AAFACDA0070ABCC /* SafariView.swift */ = {isa = PBXFileReference; lastKnownFileType = sourcecode.swift; path = SafariView.swift; sourceTree = "<group>"; };
		43F402BF2A9F8FCC00C37AC0 /* MiniApp.swift */ = {isa = PBXFileReference; lastKnownFileType = sourcecode.swift; path = MiniApp.swift; sourceTree = "<group>"; };
		43F402C32A9FA26E00C37AC0 /* MiniAppView.swift */ = {isa = PBXFileReference; lastKnownFileType = sourcecode.swift; path = MiniAppView.swift; sourceTree = "<group>"; };
		43F4CB3B2A914FF10064DC06 /* Superapp Starter.app */ = {isa = PBXFileReference; explicitFileType = wrapper.application; includeInIndex = 0; path = "Superapp Starter.app"; sourceTree = BUILT_PRODUCTS_DIR; };
		43F4CB3E2A914FF10064DC06 /* SuperappStarterApp.swift */ = {isa = PBXFileReference; lastKnownFileType = sourcecode.swift; path = SuperappStarterApp.swift; sourceTree = "<group>"; };
		43F4CB402A914FF10064DC06 /* TabsView.swift */ = {isa = PBXFileReference; lastKnownFileType = sourcecode.swift; path = TabsView.swift; sourceTree = "<group>"; };
		43F4CB422A914FF30064DC06 /* Assets.xcassets */ = {isa = PBXFileReference; lastKnownFileType = folder.assetcatalog; path = Assets.xcassets; sourceTree = "<group>"; };
		43F4CB442A914FF30064DC06 /* Superapp_Starter.entitlements */ = {isa = PBXFileReference; lastKnownFileType = text.plist.entitlements; path = Superapp_Starter.entitlements; sourceTree = "<group>"; };
		43F4CB462A914FF30064DC06 /* Preview Assets.xcassets */ = {isa = PBXFileReference; lastKnownFileType = folder.assetcatalog; path = "Preview Assets.xcassets"; sourceTree = "<group>"; };
		43F4CB4C2A914FF30064DC06 /* Superapp StarterTests.xctest */ = {isa = PBXFileReference; explicitFileType = wrapper.cfbundle; includeInIndex = 0; path = "Superapp StarterTests.xctest"; sourceTree = BUILT_PRODUCTS_DIR; };
		43F4CB562A914FF30064DC06 /* Superapp StarterUITests.xctest */ = {isa = PBXFileReference; explicitFileType = wrapper.cfbundle; includeInIndex = 0; path = "Superapp StarterUITests.xctest"; sourceTree = BUILT_PRODUCTS_DIR; };
		43F4CB6B2A9152D10064DC06 /* ProfileView.swift */ = {isa = PBXFileReference; lastKnownFileType = sourcecode.swift; path = ProfileView.swift; sourceTree = "<group>"; };
		43F4CB6D2A9152DC0064DC06 /* HomeView.swift */ = {isa = PBXFileReference; lastKnownFileType = sourcecode.swift; path = HomeView.swift; sourceTree = "<group>"; };
		43F4CB702A97C9070064DC06 /* LoginView.swift */ = {isa = PBXFileReference; lastKnownFileType = sourcecode.swift; path = LoginView.swift; sourceTree = "<group>"; };
		43F4CB732A97CAD50064DC06 /* Profile.swift */ = {isa = PBXFileReference; lastKnownFileType = sourcecode.swift; path = Profile.swift; sourceTree = "<group>"; };
/* End PBXFileReference section */

/* Begin PBXFrameworksBuildPhase section */
		43F4CB382A914FF10064DC06 /* Frameworks */ = {
			isa = PBXFrameworksBuildPhase;
			buildActionMask = 2147483647;
			files = (
				43EDEDA12A9D555E00B6F148 /* IonicPortals in Frameworks */,
				43936F2D2A97CF760035FD36 /* Auth0 in Frameworks */,
				43CCBABA2AAE202E0070ABCC /* FeedKit in Frameworks */,
			);
			runOnlyForDeploymentPostprocessing = 0;
		};
		43F4CB492A914FF30064DC06 /* Frameworks */ = {
			isa = PBXFrameworksBuildPhase;
			buildActionMask = 2147483647;
			files = (
			);
			runOnlyForDeploymentPostprocessing = 0;
		};
		43F4CB532A914FF30064DC06 /* Frameworks */ = {
			isa = PBXFrameworksBuildPhase;
			buildActionMask = 2147483647;
			files = (
			);
			runOnlyForDeploymentPostprocessing = 0;
		};
/* End PBXFrameworksBuildPhase section */

/* Begin PBXGroup section */
		431917892A9FA7EF009F9215 /* MiniApp */ = {
			isa = PBXGroup;
			children = (
				43F402C32A9FA26E00C37AC0 /* MiniAppView.swift */,
			);
			path = MiniApp;
			sourceTree = "<group>";
		};
		431BAE372A9E3C6700F4729E /* Hub */ = {
			isa = PBXGroup;
			children = (
				431917892A9FA7EF009F9215 /* MiniApp */,
				431BAE382A9E3C7500F4729E /* HubView.swift */,
			);
			path = Hub;
			sourceTree = "<group>";
		};
		43BA0CD22A9913D300296F67 /* App */ = {
			isa = PBXGroup;
			children = (
				43BA0CD32A9913E600296F67 /* AppView.swift */,
			);
			path = App;
			sourceTree = "<group>";
		};
		43BA0CE02A991A5E00296F67 /* Extensions */ = {
			isa = PBXGroup;
			children = (
				43BA0CE12A991A8300296F67 /* Color+Theme.swift */,
				43CCBABF2AAF952E0070ABCC /* Date.swift */,
				4319178A2A9FE9C4009F9215 /* Encodable.swift */,
			);
			path = Extensions;
			sourceTree = "<group>";
		};
		43BA0CE32A9925B100296F67 /* Tabs */ = {
			isa = PBXGroup;
			children = (
				43F4CB402A914FF10064DC06 /* TabsView.swift */,
			);
			path = Tabs;
			sourceTree = "<group>";
		};
		43BA0CEB2A9D47E500296F67 /* Components */ = {
			isa = PBXGroup;
			children = (
				43BA0CEC2A9D47F200296F67 /* AvatarView.swift */,
				43894AD92A9E44D100DFA6AF /* AppTileView.swift */,
				43CCBABB2AAF67540070ABCC /* FeedItemView.swift */,
				43CCBAC12AAFACDA0070ABCC /* SafariView.swift */,
			);
			path = Components;
			sourceTree = "<group>";
		};
		43F4CB322A914FF10064DC06 = {
			isa = PBXGroup;
			children = (
				43F4CB3D2A914FF10064DC06 /* Superapp Starter */,
				43F4CB3C2A914FF10064DC06 /* Products */,
			);
			sourceTree = "<group>";
		};
		43F4CB3C2A914FF10064DC06 /* Products */ = {
			isa = PBXGroup;
			children = (
				43F4CB3B2A914FF10064DC06 /* Superapp Starter.app */,
				43F4CB4C2A914FF30064DC06 /* Superapp StarterTests.xctest */,
				43F4CB562A914FF30064DC06 /* Superapp StarterUITests.xctest */,
			);
			name = Products;
			sourceTree = "<group>";
		};
		43F4CB3D2A914FF10064DC06 /* Superapp Starter */ = {
			isa = PBXGroup;
			children = (
				43BF086E2AA0FC140050CD15 /* Superapp-Starter-Info.plist */,
				43F4CB3E2A914FF10064DC06 /* SuperappStarterApp.swift */,
				43936F2E2A97CFF10035FD36 /* Auth0.plist */,
				43F4CB442A914FF30064DC06 /* Superapp_Starter.entitlements */,
				43F4CB422A914FF30064DC06 /* Assets.xcassets */,
				43BA0CD22A9913D300296F67 /* App */,
				43BA0CE32A9925B100296F67 /* Tabs */,
				43F4CB6F2A97C8E70064DC06 /* Login */,
				43F4CB692A91527A0064DC06 /* Home */,
				431BAE372A9E3C6700F4729E /* Hub */,
				43F4CB6A2A91528B0064DC06 /* Profile */,
				43BA0CEB2A9D47E500296F67 /* Components */,
				43F4CB722A97CAC20064DC06 /* Model */,
				43BA0CE02A991A5E00296F67 /* Extensions */,
				43F4CB452A914FF30064DC06 /* Preview Content */,
				43B35C312ABC9D7300A1FACF /* DummyView.swift */,
			);
			path = "Superapp Starter";
			sourceTree = "<group>";
		};
		43F4CB452A914FF30064DC06 /* Preview Content */ = {
			isa = PBXGroup;
			children = (
				43F4CB462A914FF30064DC06 /* Preview Assets.xcassets */,
			);
			path = "Preview Content";
			sourceTree = "<group>";
		};
		43F4CB692A91527A0064DC06 /* Home */ = {
			isa = PBXGroup;
			children = (
				43F4CB6D2A9152DC0064DC06 /* HomeView.swift */,
			);
			path = Home;
			sourceTree = "<group>";
		};
		43F4CB6A2A91528B0064DC06 /* Profile */ = {
			isa = PBXGroup;
			children = (
				43F4CB6B2A9152D10064DC06 /* ProfileView.swift */,
			);
			path = Profile;
			sourceTree = "<group>";
		};
		43F4CB6F2A97C8E70064DC06 /* Login */ = {
			isa = PBXGroup;
			children = (
				43F4CB702A97C9070064DC06 /* LoginView.swift */,
				43BA0CDE2A991A1000296F67 /* LoginLogo.swift */,
			);
			path = Login;
			sourceTree = "<group>";
		};
		43F4CB722A97CAC20064DC06 /* Model */ = {
			isa = PBXGroup;
			children = (
				43BA0CE92A9CEEBD00296F67 /* AuthViewModel.swift */,
				431917852A9FA42D009F9215 /* Creds.swift */,
				43CCBABD2AAF679A0070ABCC /* FeedItem.swift */,
				43F402BF2A9F8FCC00C37AC0 /* MiniApp.swift */,
				43F4CB732A97CAD50064DC06 /* Profile.swift */,
			);
			path = Model;
			sourceTree = "<group>";
		};
/* End PBXGroup section */

/* Begin PBXNativeTarget section */
		43F4CB3A2A914FF10064DC06 /* Superapp Starter */ = {
			isa = PBXNativeTarget;
			buildConfigurationList = 43F4CB602A914FF30064DC06 /* Build configuration list for PBXNativeTarget "Superapp Starter" */;
			buildPhases = (
				43F4CB372A914FF10064DC06 /* Sources */,
				43F4CB382A914FF10064DC06 /* Frameworks */,
				43F4CB392A914FF10064DC06 /* Resources */,
				43F402BE2A9EA98E00C37AC0 /* ShellScript */,
			);
			buildRules = (
			);
			dependencies = (
			);
			name = "Superapp Starter";
			packageProductDependencies = (
				43936F2C2A97CF760035FD36 /* Auth0 */,
				43EDEDA02A9D555E00B6F148 /* IonicPortals */,
				43CCBAB92AAE202E0070ABCC /* FeedKit */,
			);
			productName = "iOS Superapp Starter";
			productReference = 43F4CB3B2A914FF10064DC06 /* Superapp Starter.app */;
			productType = "com.apple.product-type.application";
		};
		43F4CB4B2A914FF30064DC06 /* Superapp StarterTests */ = {
			isa = PBXNativeTarget;
			buildConfigurationList = 43F4CB632A914FF30064DC06 /* Build configuration list for PBXNativeTarget "Superapp StarterTests" */;
			buildPhases = (
				43F4CB482A914FF30064DC06 /* Sources */,
				43F4CB492A914FF30064DC06 /* Frameworks */,
				43F4CB4A2A914FF30064DC06 /* Resources */,
			);
			buildRules = (
			);
			dependencies = (
				43F4CB4E2A914FF30064DC06 /* PBXTargetDependency */,
			);
			name = "Superapp StarterTests";
			productName = "iOS Superapp StarterTests";
			productReference = 43F4CB4C2A914FF30064DC06 /* Superapp StarterTests.xctest */;
			productType = "com.apple.product-type.bundle.unit-test";
		};
		43F4CB552A914FF30064DC06 /* Superapp StarterUITests */ = {
			isa = PBXNativeTarget;
			buildConfigurationList = 43F4CB662A914FF30064DC06 /* Build configuration list for PBXNativeTarget "Superapp StarterUITests" */;
			buildPhases = (
				43F4CB522A914FF30064DC06 /* Sources */,
				43F4CB532A914FF30064DC06 /* Frameworks */,
				43F4CB542A914FF30064DC06 /* Resources */,
			);
			buildRules = (
			);
			dependencies = (
				43F4CB582A914FF30064DC06 /* PBXTargetDependency */,
			);
			name = "Superapp StarterUITests";
			productName = "iOS Superapp StarterUITests";
			productReference = 43F4CB562A914FF30064DC06 /* Superapp StarterUITests.xctest */;
			productType = "com.apple.product-type.bundle.ui-testing";
		};
/* End PBXNativeTarget section */

/* Begin PBXProject section */
		43F4CB332A914FF10064DC06 /* Project object */ = {
			isa = PBXProject;
			attributes = {
				BuildIndependentTargetsInParallel = 1;
				LastSwiftUpdateCheck = 1430;
				LastUpgradeCheck = 1430;
				TargetAttributes = {
					43F4CB3A2A914FF10064DC06 = {
						CreatedOnToolsVersion = 14.3.1;
					};
					43F4CB4B2A914FF30064DC06 = {
						CreatedOnToolsVersion = 14.3.1;
						TestTargetID = 43F4CB3A2A914FF10064DC06;
					};
					43F4CB552A914FF30064DC06 = {
						CreatedOnToolsVersion = 14.3.1;
						TestTargetID = 43F4CB3A2A914FF10064DC06;
					};
				};
			};
			buildConfigurationList = 43F4CB362A914FF10064DC06 /* Build configuration list for PBXProject "Superapp Starter" */;
			compatibilityVersion = "Xcode 14.0";
			developmentRegion = en;
			hasScannedForEncodings = 0;
			knownRegions = (
				en,
				Base,
			);
			mainGroup = 43F4CB322A914FF10064DC06;
			packageReferences = (
				43936F2B2A97CF760035FD36 /* XCRemoteSwiftPackageReference "Auth0" */,
				43EDED9F2A9D555E00B6F148 /* XCRemoteSwiftPackageReference "ionic-portals-ios" */,
				43CCBAB82AAE202E0070ABCC /* XCRemoteSwiftPackageReference "FeedKit" */,
			);
			productRefGroup = 43F4CB3C2A914FF10064DC06 /* Products */;
			projectDirPath = "";
			projectRoot = "";
			targets = (
				43F4CB3A2A914FF10064DC06 /* Superapp Starter */,
				43F4CB4B2A914FF30064DC06 /* Superapp StarterTests */,
				43F4CB552A914FF30064DC06 /* Superapp StarterUITests */,
			);
		};
/* End PBXProject section */

/* Begin PBXResourcesBuildPhase section */
		43F4CB392A914FF10064DC06 /* Resources */ = {
			isa = PBXResourcesBuildPhase;
			buildActionMask = 2147483647;
			files = (
				43F4CB472A914FF30064DC06 /* Preview Assets.xcassets in Resources */,
				43936F2F2A97CFF10035FD36 /* Auth0.plist in Resources */,
				43F4CB432A914FF30064DC06 /* Assets.xcassets in Resources */,
			);
			runOnlyForDeploymentPostprocessing = 0;
		};
		43F4CB4A2A914FF30064DC06 /* Resources */ = {
			isa = PBXResourcesBuildPhase;
			buildActionMask = 2147483647;
			files = (
			);
			runOnlyForDeploymentPostprocessing = 0;
		};
		43F4CB542A914FF30064DC06 /* Resources */ = {
			isa = PBXResourcesBuildPhase;
			buildActionMask = 2147483647;
			files = (
			);
			runOnlyForDeploymentPostprocessing = 0;
		};
/* End PBXResourcesBuildPhase section */

/* Begin PBXShellScriptBuildPhase section */
		43F402BE2A9EA98E00C37AC0 /* ShellScript */ = {
			isa = PBXShellScriptBuildPhase;
			alwaysOutOfDate = 1;
			buildActionMask = 2147483647;
			files = (
			);
			inputFileListPaths = (
			);
			inputPaths = (
			);
			outputFileListPaths = (
			);
			outputPaths = (
			);
			runOnlyForDeploymentPostprocessing = 0;
			shellPath = /bin/sh;
			shellScript = "# Type a script or drag a script file from your workspace to insert its path.\nEMBEDDED_DIR=\"${BUILT_PRODUCTS_DIR}/${TARGET_NAME}.app/portals\"\nAPP_LIST=(\n    \"directory|/../web/directory/dist\"\n    \"kudos|/../web/kudos/dist\"\n    \"expenses|/../web/expenses/www\"\n)\n\necho \"App ${TARGET_NAME} is being copied! ${EMBEDDED_APP}\";\n\nmkdir \"${EMBEDDED_DIR}\"\n\nfor APP_INFO in ${APP_LIST[@]}\ndo\n    IFS=\"|\" read -r -a arr <<< \"${APP_INFO}\"\n    APP_NAME=\"${arr[0]}\"\n    EMBEDDED_APP=\"${SRCROOT}${arr[1]}\"\n    \n    echo \"${APP_NAME} ${EMBEDDED_APP}\"\n    \n    if [ -d \"${EMBEDDED_DIR}/${APP_NAME}\" ]\n    then\n        cd \"${EMBEDDED_DIR}\"\n        rm -r \"${APP_NAME}\"\n    fi\n\n    mkdir \"${EMBEDDED_DIR}/${APP_NAME}\"\n\n    ZIP_FILE=\"${APP_NAME}.zip\"\n\n    if [ -d \"${EMBEDDED_APP}\" ] \n    then\n        cd \"${EMBEDDED_APP}\"\n        zip -vr \"${ZIP_FILE}\" * -x \"*.DS_Store\"\n        unzip \"${ZIP_FILE}\" -d \"${EMBEDDED_DIR}/${APP_NAME}\"\n        rm \"${ZIP_FILE}\"\n    else\n        echo \"App ${APP_NAME} has not been built! ${EMBEDDED_APP}\"\n        exit 999\n    fi\ndone\n\n";
		};
/* End PBXShellScriptBuildPhase section */

/* Begin PBXSourcesBuildPhase section */
		43F4CB372A914FF10064DC06 /* Sources */ = {
			isa = PBXSourcesBuildPhase;
			buildActionMask = 2147483647;
			files = (
				43BA0CEA2A9CEEBD00296F67 /* AuthViewModel.swift in Sources */,
				431917862A9FA42D009F9215 /* Creds.swift in Sources */,
				43BA0CDF2A991A1000296F67 /* LoginLogo.swift in Sources */,
				43F4CB6C2A9152D10064DC06 /* ProfileView.swift in Sources */,
				43CCBAC02AAF952E0070ABCC /* Date.swift in Sources */,
				43BA0CED2A9D47F200296F67 /* AvatarView.swift in Sources */,
				43894ADA2A9E44D100DFA6AF /* AppTileView.swift in Sources */,
				43B35C322ABC9D7300A1FACF /* DummyView.swift in Sources */,
				43CCBABE2AAF679A0070ABCC /* FeedItem.swift in Sources */,
				43F402C02A9F8FCC00C37AC0 /* MiniApp.swift in Sources */,
				43CCBABC2AAF67540070ABCC /* FeedItemView.swift in Sources */,
				43F4CB742A97CAD50064DC06 /* Profile.swift in Sources */,
				431BAE392A9E3C7500F4729E /* HubView.swift in Sources */,
				43F4CB6E2A9152DC0064DC06 /* HomeView.swift in Sources */,
				43CCBAC22AAFACDA0070ABCC /* SafariView.swift in Sources */,
				43BA0CD42A9913E600296F67 /* AppView.swift in Sources */,
				43F402C42A9FA26E00C37AC0 /* MiniAppView.swift in Sources */,
				43F4CB412A914FF10064DC06 /* TabsView.swift in Sources */,
				43F4CB712A97C9070064DC06 /* LoginView.swift in Sources */,
				43BA0CE22A991A8300296F67 /* Color+Theme.swift in Sources */,
				43F4CB3F2A914FF10064DC06 /* SuperappStarterApp.swift in Sources */,
				4319178B2A9FE9C4009F9215 /* Encodable.swift in Sources */,
			);
			runOnlyForDeploymentPostprocessing = 0;
		};
		43F4CB482A914FF30064DC06 /* Sources */ = {
			isa = PBXSourcesBuildPhase;
			buildActionMask = 2147483647;
			files = (
			);
			runOnlyForDeploymentPostprocessing = 0;
		};
		43F4CB522A914FF30064DC06 /* Sources */ = {
			isa = PBXSourcesBuildPhase;
			buildActionMask = 2147483647;
			files = (
			);
			runOnlyForDeploymentPostprocessing = 0;
		};
/* End PBXSourcesBuildPhase section */

/* Begin PBXTargetDependency section */
		43F4CB4E2A914FF30064DC06 /* PBXTargetDependency */ = {
			isa = PBXTargetDependency;
			target = 43F4CB3A2A914FF10064DC06 /* Superapp Starter */;
			targetProxy = 43F4CB4D2A914FF30064DC06 /* PBXContainerItemProxy */;
		};
		43F4CB582A914FF30064DC06 /* PBXTargetDependency */ = {
			isa = PBXTargetDependency;
			target = 43F4CB3A2A914FF10064DC06 /* Superapp Starter */;
			targetProxy = 43F4CB572A914FF30064DC06 /* PBXContainerItemProxy */;
		};
/* End PBXTargetDependency section */

/* Begin XCBuildConfiguration section */
		43F4CB5E2A914FF30064DC06 /* Debug */ = {
			isa = XCBuildConfiguration;
			buildSettings = {
				ALWAYS_SEARCH_USER_PATHS = NO;
				CLANG_ANALYZER_NONNULL = YES;
				CLANG_ANALYZER_NUMBER_OBJECT_CONVERSION = YES_AGGRESSIVE;
				CLANG_CXX_LANGUAGE_STANDARD = "gnu++20";
				CLANG_ENABLE_MODULES = YES;
				CLANG_ENABLE_OBJC_ARC = YES;
				CLANG_ENABLE_OBJC_WEAK = YES;
				CLANG_WARN_BLOCK_CAPTURE_AUTORELEASING = YES;
				CLANG_WARN_BOOL_CONVERSION = YES;
				CLANG_WARN_COMMA = YES;
				CLANG_WARN_CONSTANT_CONVERSION = YES;
				CLANG_WARN_DEPRECATED_OBJC_IMPLEMENTATIONS = YES;
				CLANG_WARN_DIRECT_OBJC_ISA_USAGE = YES_ERROR;
				CLANG_WARN_DOCUMENTATION_COMMENTS = YES;
				CLANG_WARN_EMPTY_BODY = YES;
				CLANG_WARN_ENUM_CONVERSION = YES;
				CLANG_WARN_INFINITE_RECURSION = YES;
				CLANG_WARN_INT_CONVERSION = YES;
				CLANG_WARN_NON_LITERAL_NULL_CONVERSION = YES;
				CLANG_WARN_OBJC_IMPLICIT_RETAIN_SELF = YES;
				CLANG_WARN_OBJC_LITERAL_CONVERSION = YES;
				CLANG_WARN_OBJC_ROOT_CLASS = YES_ERROR;
				CLANG_WARN_QUOTED_INCLUDE_IN_FRAMEWORK_HEADER = YES;
				CLANG_WARN_RANGE_LOOP_ANALYSIS = YES;
				CLANG_WARN_STRICT_PROTOTYPES = YES;
				CLANG_WARN_SUSPICIOUS_MOVE = YES;
				CLANG_WARN_UNGUARDED_AVAILABILITY = YES_AGGRESSIVE;
				CLANG_WARN_UNREACHABLE_CODE = YES;
				CLANG_WARN__DUPLICATE_METHOD_MATCH = YES;
				COPY_PHASE_STRIP = NO;
				DEBUG_INFORMATION_FORMAT = dwarf;
				ENABLE_STRICT_OBJC_MSGSEND = YES;
				ENABLE_TESTABILITY = YES;
				GCC_C_LANGUAGE_STANDARD = gnu11;
				GCC_DYNAMIC_NO_PIC = NO;
				GCC_NO_COMMON_BLOCKS = YES;
				GCC_OPTIMIZATION_LEVEL = 0;
				GCC_PREPROCESSOR_DEFINITIONS = (
					"DEBUG=1",
					"$(inherited)",
				);
				GCC_WARN_64_TO_32_BIT_CONVERSION = YES;
				GCC_WARN_ABOUT_RETURN_TYPE = YES_ERROR;
				GCC_WARN_UNDECLARED_SELECTOR = YES;
				GCC_WARN_UNINITIALIZED_AUTOS = YES_AGGRESSIVE;
				GCC_WARN_UNUSED_FUNCTION = YES;
				GCC_WARN_UNUSED_VARIABLE = YES;
				MTL_ENABLE_DEBUG_INFO = INCLUDE_SOURCE;
				MTL_FAST_MATH = YES;
				ONLY_ACTIVE_ARCH = YES;
				SWIFT_ACTIVE_COMPILATION_CONDITIONS = DEBUG;
				SWIFT_OPTIMIZATION_LEVEL = "-Onone";
			};
			name = Debug;
		};
		43F4CB5F2A914FF30064DC06 /* Release */ = {
			isa = XCBuildConfiguration;
			buildSettings = {
				ALWAYS_SEARCH_USER_PATHS = NO;
				CLANG_ANALYZER_NONNULL = YES;
				CLANG_ANALYZER_NUMBER_OBJECT_CONVERSION = YES_AGGRESSIVE;
				CLANG_CXX_LANGUAGE_STANDARD = "gnu++20";
				CLANG_ENABLE_MODULES = YES;
				CLANG_ENABLE_OBJC_ARC = YES;
				CLANG_ENABLE_OBJC_WEAK = YES;
				CLANG_WARN_BLOCK_CAPTURE_AUTORELEASING = YES;
				CLANG_WARN_BOOL_CONVERSION = YES;
				CLANG_WARN_COMMA = YES;
				CLANG_WARN_CONSTANT_CONVERSION = YES;
				CLANG_WARN_DEPRECATED_OBJC_IMPLEMENTATIONS = YES;
				CLANG_WARN_DIRECT_OBJC_ISA_USAGE = YES_ERROR;
				CLANG_WARN_DOCUMENTATION_COMMENTS = YES;
				CLANG_WARN_EMPTY_BODY = YES;
				CLANG_WARN_ENUM_CONVERSION = YES;
				CLANG_WARN_INFINITE_RECURSION = YES;
				CLANG_WARN_INT_CONVERSION = YES;
				CLANG_WARN_NON_LITERAL_NULL_CONVERSION = YES;
				CLANG_WARN_OBJC_IMPLICIT_RETAIN_SELF = YES;
				CLANG_WARN_OBJC_LITERAL_CONVERSION = YES;
				CLANG_WARN_OBJC_ROOT_CLASS = YES_ERROR;
				CLANG_WARN_QUOTED_INCLUDE_IN_FRAMEWORK_HEADER = YES;
				CLANG_WARN_RANGE_LOOP_ANALYSIS = YES;
				CLANG_WARN_STRICT_PROTOTYPES = YES;
				CLANG_WARN_SUSPICIOUS_MOVE = YES;
				CLANG_WARN_UNGUARDED_AVAILABILITY = YES_AGGRESSIVE;
				CLANG_WARN_UNREACHABLE_CODE = YES;
				CLANG_WARN__DUPLICATE_METHOD_MATCH = YES;
				COPY_PHASE_STRIP = NO;
				DEBUG_INFORMATION_FORMAT = "dwarf-with-dsym";
				ENABLE_NS_ASSERTIONS = NO;
				ENABLE_STRICT_OBJC_MSGSEND = YES;
				GCC_C_LANGUAGE_STANDARD = gnu11;
				GCC_NO_COMMON_BLOCKS = YES;
				GCC_WARN_64_TO_32_BIT_CONVERSION = YES;
				GCC_WARN_ABOUT_RETURN_TYPE = YES_ERROR;
				GCC_WARN_UNDECLARED_SELECTOR = YES;
				GCC_WARN_UNINITIALIZED_AUTOS = YES_AGGRESSIVE;
				GCC_WARN_UNUSED_FUNCTION = YES;
				GCC_WARN_UNUSED_VARIABLE = YES;
				MTL_ENABLE_DEBUG_INFO = NO;
				MTL_FAST_MATH = YES;
				SWIFT_COMPILATION_MODE = wholemodule;
				SWIFT_OPTIMIZATION_LEVEL = "-O";
			};
			name = Release;
		};
		43F4CB612A914FF30064DC06 /* Debug */ = {
			isa = XCBuildConfiguration;
			buildSettings = {
				ASSETCATALOG_COMPILER_APPICON_NAME = AppIcon;
				ASSETCATALOG_COMPILER_GLOBAL_ACCENT_COLOR_NAME = AccentColor;
				CODE_SIGN_ENTITLEMENTS = "Superapp Starter/Superapp_Starter.entitlements";
				CODE_SIGN_STYLE = Automatic;
				CURRENT_PROJECT_VERSION = 1;
				DEVELOPMENT_ASSET_PATHS = "\"Superapp Starter/Preview Content\"";
				DEVELOPMENT_TEAM = 9YN2HU59K8;
				ENABLE_HARDENED_RUNTIME = YES;
				ENABLE_PREVIEWS = YES;
				GENERATE_INFOPLIST_FILE = YES;
				INFOPLIST_FILE = "Superapp-Starter-Info.plist";
				"INFOPLIST_KEY_UIApplicationSceneManifest_Generation[sdk=iphoneos*]" = YES;
				"INFOPLIST_KEY_UIApplicationSceneManifest_Generation[sdk=iphonesimulator*]" = YES;
				"INFOPLIST_KEY_UIApplicationSupportsIndirectInputEvents[sdk=iphoneos*]" = YES;
				"INFOPLIST_KEY_UIApplicationSupportsIndirectInputEvents[sdk=iphonesimulator*]" = YES;
				"INFOPLIST_KEY_UILaunchScreen_Generation[sdk=iphoneos*]" = YES;
				"INFOPLIST_KEY_UILaunchScreen_Generation[sdk=iphonesimulator*]" = YES;
				"INFOPLIST_KEY_UIStatusBarStyle[sdk=iphoneos*]" = UIStatusBarStyleDefault;
				"INFOPLIST_KEY_UIStatusBarStyle[sdk=iphonesimulator*]" = UIStatusBarStyleDefault;
				INFOPLIST_KEY_UISupportedInterfaceOrientations_iPad = "UIInterfaceOrientationPortrait UIInterfaceOrientationPortraitUpsideDown UIInterfaceOrientationLandscapeLeft UIInterfaceOrientationLandscapeRight";
				INFOPLIST_KEY_UISupportedInterfaceOrientations_iPhone = UIInterfaceOrientationPortrait;
				IPHONEOS_DEPLOYMENT_TARGET = 16.4;
				LD_RUNPATH_SEARCH_PATHS = "@executable_path/Frameworks";
				"LD_RUNPATH_SEARCH_PATHS[sdk=macosx*]" = "@executable_path/../Frameworks";
				MACOSX_DEPLOYMENT_TARGET = 13.3;
				MARKETING_VERSION = 1.0;
				PRODUCT_BUNDLE_IDENTIFIER = "io.ionic.iOS-Superapp-Starter";
				PRODUCT_NAME = "$(TARGET_NAME)";
				SDKROOT = auto;
				SUPPORTED_PLATFORMS = "iphoneos iphonesimulator macosx";
				SWIFT_EMIT_LOC_STRINGS = YES;
				SWIFT_VERSION = 5.0;
				TARGETED_DEVICE_FAMILY = "1,2";
			};
			name = Debug;
		};
		43F4CB622A914FF30064DC06 /* Release */ = {
			isa = XCBuildConfiguration;
			buildSettings = {
				ASSETCATALOG_COMPILER_APPICON_NAME = AppIcon;
				ASSETCATALOG_COMPILER_GLOBAL_ACCENT_COLOR_NAME = AccentColor;
				CODE_SIGN_ENTITLEMENTS = "Superapp Starter/Superapp_Starter.entitlements";
				CODE_SIGN_STYLE = Automatic;
				CURRENT_PROJECT_VERSION = 1;
				DEVELOPMENT_ASSET_PATHS = "\"Superapp Starter/Preview Content\"";
				DEVELOPMENT_TEAM = 9YN2HU59K8;
				ENABLE_HARDENED_RUNTIME = YES;
				ENABLE_PREVIEWS = YES;
				GENERATE_INFOPLIST_FILE = YES;
				INFOPLIST_FILE = "Superapp-Starter-Info.plist";
				"INFOPLIST_KEY_UIApplicationSceneManifest_Generation[sdk=iphoneos*]" = YES;
				"INFOPLIST_KEY_UIApplicationSceneManifest_Generation[sdk=iphonesimulator*]" = YES;
				"INFOPLIST_KEY_UIApplicationSupportsIndirectInputEvents[sdk=iphoneos*]" = YES;
				"INFOPLIST_KEY_UIApplicationSupportsIndirectInputEvents[sdk=iphonesimulator*]" = YES;
				"INFOPLIST_KEY_UILaunchScreen_Generation[sdk=iphoneos*]" = YES;
				"INFOPLIST_KEY_UILaunchScreen_Generation[sdk=iphonesimulator*]" = YES;
				"INFOPLIST_KEY_UIStatusBarStyle[sdk=iphoneos*]" = UIStatusBarStyleDefault;
				"INFOPLIST_KEY_UIStatusBarStyle[sdk=iphonesimulator*]" = UIStatusBarStyleDefault;
				INFOPLIST_KEY_UISupportedInterfaceOrientations_iPad = "UIInterfaceOrientationPortrait UIInterfaceOrientationPortraitUpsideDown UIInterfaceOrientationLandscapeLeft UIInterfaceOrientationLandscapeRight";
				INFOPLIST_KEY_UISupportedInterfaceOrientations_iPhone = UIInterfaceOrientationPortrait;
				IPHONEOS_DEPLOYMENT_TARGET = 16.4;
				LD_RUNPATH_SEARCH_PATHS = "@executable_path/Frameworks";
				"LD_RUNPATH_SEARCH_PATHS[sdk=macosx*]" = "@executable_path/../Frameworks";
				MACOSX_DEPLOYMENT_TARGET = 13.3;
				MARKETING_VERSION = 1.0;
				PRODUCT_BUNDLE_IDENTIFIER = "io.ionic.iOS-Superapp-Starter";
				PRODUCT_NAME = "$(TARGET_NAME)";
				SDKROOT = auto;
				SUPPORTED_PLATFORMS = "iphoneos iphonesimulator macosx";
				SWIFT_EMIT_LOC_STRINGS = YES;
				SWIFT_VERSION = 5.0;
				TARGETED_DEVICE_FAMILY = "1,2";
			};
			name = Release;
		};
		43F4CB642A914FF30064DC06 /* Debug */ = {
			isa = XCBuildConfiguration;
			buildSettings = {
				ALWAYS_EMBED_SWIFT_STANDARD_LIBRARIES = YES;
				BUNDLE_LOADER = "$(TEST_HOST)";
				CODE_SIGN_STYLE = Automatic;
				CURRENT_PROJECT_VERSION = 1;
				DEVELOPMENT_TEAM = 9YN2HU59K8;
				GENERATE_INFOPLIST_FILE = YES;
				IPHONEOS_DEPLOYMENT_TARGET = 16.4;
				MACOSX_DEPLOYMENT_TARGET = 13.3;
				MARKETING_VERSION = 1.0;
				PRODUCT_BUNDLE_IDENTIFIER = "io.ionic.iOS-Superapp-StarterTests";
				PRODUCT_NAME = "$(TARGET_NAME)";
				SDKROOT = auto;
				SUPPORTED_PLATFORMS = "iphoneos iphonesimulator macosx";
				SWIFT_EMIT_LOC_STRINGS = NO;
				SWIFT_VERSION = 5.0;
				TARGETED_DEVICE_FAMILY = "1,2";
				TEST_HOST = "$(BUILT_PRODUCTS_DIR)/Superapp Starter.app/$(BUNDLE_EXECUTABLE_FOLDER_PATH)/Superapp Starter";
			};
			name = Debug;
		};
		43F4CB652A914FF30064DC06 /* Release */ = {
			isa = XCBuildConfiguration;
			buildSettings = {
				ALWAYS_EMBED_SWIFT_STANDARD_LIBRARIES = YES;
				BUNDLE_LOADER = "$(TEST_HOST)";
				CODE_SIGN_STYLE = Automatic;
				CURRENT_PROJECT_VERSION = 1;
				DEVELOPMENT_TEAM = 9YN2HU59K8;
				GENERATE_INFOPLIST_FILE = YES;
				IPHONEOS_DEPLOYMENT_TARGET = 16.4;
				MACOSX_DEPLOYMENT_TARGET = 13.3;
				MARKETING_VERSION = 1.0;
				PRODUCT_BUNDLE_IDENTIFIER = "io.ionic.iOS-Superapp-StarterTests";
				PRODUCT_NAME = "$(TARGET_NAME)";
				SDKROOT = auto;
				SUPPORTED_PLATFORMS = "iphoneos iphonesimulator macosx";
				SWIFT_EMIT_LOC_STRINGS = NO;
				SWIFT_VERSION = 5.0;
				TARGETED_DEVICE_FAMILY = "1,2";
				TEST_HOST = "$(BUILT_PRODUCTS_DIR)/Superapp Starter.app/$(BUNDLE_EXECUTABLE_FOLDER_PATH)/Superapp Starter";
			};
			name = Release;
		};
		43F4CB672A914FF30064DC06 /* Debug */ = {
			isa = XCBuildConfiguration;
			buildSettings = {
				ALWAYS_EMBED_SWIFT_STANDARD_LIBRARIES = YES;
				CODE_SIGN_STYLE = Automatic;
				CURRENT_PROJECT_VERSION = 1;
				DEVELOPMENT_TEAM = 9YN2HU59K8;
				GENERATE_INFOPLIST_FILE = YES;
				IPHONEOS_DEPLOYMENT_TARGET = 16.4;
				MACOSX_DEPLOYMENT_TARGET = 13.3;
				MARKETING_VERSION = 1.0;
				PRODUCT_BUNDLE_IDENTIFIER = "io.ionic.iOS-Superapp-StarterUITests";
				PRODUCT_NAME = "$(TARGET_NAME)";
				SDKROOT = auto;
				SUPPORTED_PLATFORMS = "iphoneos iphonesimulator macosx";
				SWIFT_EMIT_LOC_STRINGS = NO;
				SWIFT_VERSION = 5.0;
				TARGETED_DEVICE_FAMILY = "1,2";
				TEST_TARGET_NAME = "iOS Superapp Starter";
			};
			name = Debug;
		};
		43F4CB682A914FF30064DC06 /* Release */ = {
			isa = XCBuildConfiguration;
			buildSettings = {
				ALWAYS_EMBED_SWIFT_STANDARD_LIBRARIES = YES;
				CODE_SIGN_STYLE = Automatic;
				CURRENT_PROJECT_VERSION = 1;
				DEVELOPMENT_TEAM = 9YN2HU59K8;
				GENERATE_INFOPLIST_FILE = YES;
				IPHONEOS_DEPLOYMENT_TARGET = 16.4;
				MACOSX_DEPLOYMENT_TARGET = 13.3;
				MARKETING_VERSION = 1.0;
				PRODUCT_BUNDLE_IDENTIFIER = "io.ionic.iOS-Superapp-StarterUITests";
				PRODUCT_NAME = "$(TARGET_NAME)";
				SDKROOT = auto;
				SUPPORTED_PLATFORMS = "iphoneos iphonesimulator macosx";
				SWIFT_EMIT_LOC_STRINGS = NO;
				SWIFT_VERSION = 5.0;
				TARGETED_DEVICE_FAMILY = "1,2";
				TEST_TARGET_NAME = "iOS Superapp Starter";
			};
			name = Release;
		};
/* End XCBuildConfiguration section */

/* Begin XCConfigurationList section */
		43F4CB362A914FF10064DC06 /* Build configuration list for PBXProject "Superapp Starter" */ = {
			isa = XCConfigurationList;
			buildConfigurations = (
				43F4CB5E2A914FF30064DC06 /* Debug */,
				43F4CB5F2A914FF30064DC06 /* Release */,
			);
			defaultConfigurationIsVisible = 0;
			defaultConfigurationName = Release;
		};
		43F4CB602A914FF30064DC06 /* Build configuration list for PBXNativeTarget "Superapp Starter" */ = {
			isa = XCConfigurationList;
			buildConfigurations = (
				43F4CB612A914FF30064DC06 /* Debug */,
				43F4CB622A914FF30064DC06 /* Release */,
			);
			defaultConfigurationIsVisible = 0;
			defaultConfigurationName = Release;
		};
		43F4CB632A914FF30064DC06 /* Build configuration list for PBXNativeTarget "Superapp StarterTests" */ = {
			isa = XCConfigurationList;
			buildConfigurations = (
				43F4CB642A914FF30064DC06 /* Debug */,
				43F4CB652A914FF30064DC06 /* Release */,
			);
			defaultConfigurationIsVisible = 0;
			defaultConfigurationName = Release;
		};
		43F4CB662A914FF30064DC06 /* Build configuration list for PBXNativeTarget "Superapp StarterUITests" */ = {
			isa = XCConfigurationList;
			buildConfigurations = (
				43F4CB672A914FF30064DC06 /* Debug */,
				43F4CB682A914FF30064DC06 /* Release */,
			);
			defaultConfigurationIsVisible = 0;
			defaultConfigurationName = Release;
		};
/* End XCConfigurationList section */

/* Begin XCRemoteSwiftPackageReference section */
		43936F2B2A97CF760035FD36 /* XCRemoteSwiftPackageReference "Auth0" */ = {
			isa = XCRemoteSwiftPackageReference;
			repositoryURL = "https://github.com/auth0/Auth0.swift";
			requirement = {
				kind = upToNextMajorVersion;
				minimumVersion = 2.0.0;
			};
		};
		43CCBAB82AAE202E0070ABCC /* XCRemoteSwiftPackageReference "FeedKit" */ = {
			isa = XCRemoteSwiftPackageReference;
			repositoryURL = "https://github.com/nmdias/FeedKit.git";
			requirement = {
				kind = upToNextMinorVersion;
				minimumVersion = 9.1.0;
			};
		};
		43EDED9F2A9D555E00B6F148 /* XCRemoteSwiftPackageReference "ionic-portals-ios" */ = {
			isa = XCRemoteSwiftPackageReference;
			repositoryURL = "https://github.com/ionic-team/ionic-portals-ios";
			requirement = {
				kind = upToNextMinorVersion;
				minimumVersion = 0.8.0;
			};
		};
/* End XCRemoteSwiftPackageReference section */

/* Begin XCSwiftPackageProductDependency section */
		43936F2C2A97CF760035FD36 /* Auth0 */ = {
			isa = XCSwiftPackageProductDependency;
			package = 43936F2B2A97CF760035FD36 /* XCRemoteSwiftPackageReference "Auth0" */;
			productName = Auth0;
		};
		43CCBAB92AAE202E0070ABCC /* FeedKit */ = {
			isa = XCSwiftPackageProductDependency;
			package = 43CCBAB82AAE202E0070ABCC /* XCRemoteSwiftPackageReference "FeedKit" */;
			productName = FeedKit;
		};
		43EDEDA02A9D555E00B6F148 /* IonicPortals */ = {
			isa = XCSwiftPackageProductDependency;
			package = 43EDED9F2A9D555E00B6F148 /* XCRemoteSwiftPackageReference "ionic-portals-ios" */;
			productName = IonicPortals;
		};
/* End XCSwiftPackageProductDependency section */
	};
	rootObject = 43F4CB332A914FF10064DC06 /* Project object */;
}
